
Microsoft Visual Studio Solution File, Format Version 12.00
# Visual Studio 15
VisualStudioVersion = 15.0.28010.2050
MinimumVisualStudioVersion = 10.0.40219.1
Project("{FAE04EC0-301F-11D3-BF4B-00C04F79EFBC}") = "Math", "Math\Math.csproj", "{A90FB440-7CF6-4B43-B32A-49A47FB265D6}"
EndProject
Global
	GlobalSection(SolutionConfigurationPlatforms) = preSolution
		Debug|Any CPU = Debug|Any CPU
		Release|Any CPU = Release|Any CPU
	EndGlobalSection
	GlobalSection(ProjectConfigurationPlatforms) = postSolution
		{A90FB440-7CF6-4B43-B32A-49A47FB265D6}.Debug|Any CPU.ActiveCfg = Debug|Any CPU
		{A90FB440-7CF6-4B43-B32A-49A47FB265D6}.Debug|Any CPU.Build.0 = Debug|Any CPU
		{A90FB440-7CF6-4B43-B32A-49A47FB265D6}.Release|Any CPU.ActiveCfg = Release|Any CPU
		{A90FB440-7CF6-4B43-B32A-49A47FB265D6}.Release|Any CPU.Build.0 = Release|Any CPU
	EndGlobalSection
	GlobalSection(SolutionProperties) = preSolution
		HideSolutionNode = FALSE
	EndGlobalSection
	GlobalSection(ExtensibilityGlobals) = postSolution
		SolutionGuid = {5A8AD191-D571-4511-B6BA-2620AD9420AE}
	EndGlobalSection
EndGlobal
